
Microsoft Visual Studio Solution File, Format Version 12.00
# Visual Studio Version 17
VisualStudioVersion = 17.3.32929.385
MinimumVisualStudioVersion = 10.0.40219.1
Project("{FAE04EC0-301F-11D3-BF4B-00C04F79EFBC}") = "ISpan.Utility", "ISpan.Utility\ISpan.Utility.csproj", "{C5F7DD95-AB28-4861-914B-E5B7474923EA}"
EndProject
Project("{FAE04EC0-301F-11D3-BF4B-00C04F79EFBC}") = "Exe3_MaintainUsers", "Exe3_MaintainUsers\Exe3_MaintainUsers.csproj", "{8143E740-1F04-4E4A-B962-08CF396904BA}"
EndProject
Global
	GlobalSection(SolutionConfigurationPlatforms) = preSolution
		Debug|Any CPU = Debug|Any CPU
		Release|Any CPU = Release|Any CPU
	EndGlobalSection
	GlobalSection(ProjectConfigurationPlatforms) = postSolution
		{C5F7DD95-AB28-4861-914B-E5B7474923EA}.Debug|Any CPU.ActiveCfg = Debug|Any CPU
		{C5F7DD95-AB28-4861-914B-E5B7474923EA}.Debug|Any CPU.Build.0 = Debug|Any CPU
		{C5F7DD95-AB28-4861-914B-E5B7474923EA}.Release|Any CPU.ActiveCfg = Release|Any CPU
		{C5F7DD95-AB28-4861-914B-E5B7474923EA}.Release|Any CPU.Build.0 = Release|Any CPU
		{8143E740-1F04-4E4A-B962-08CF396904BA}.Debug|Any CPU.ActiveCfg = Debug|Any CPU
		{8143E740-1F04-4E4A-B962-08CF396904BA}.Debug|Any CPU.Build.0 = Debug|Any CPU
		{8143E740-1F04-4E4A-B962-08CF396904BA}.Release|Any CPU.ActiveCfg = Release|Any CPU
		{8143E740-1F04-4E4A-B962-08CF396904BA}.Release|Any CPU.Build.0 = Release|Any CPU
	EndGlobalSection
	GlobalSection(SolutionProperties) = preSolution
		HideSolutionNode = FALSE
	EndGlobalSection
	GlobalSection(ExtensibilityGlobals) = postSolution
		SolutionGuid = {0F147B01-98F9-499A-87EE-01C4419C18CB}
	EndGlobalSection
EndGlobal
